
Microsoft Visual Studio Solution File, Format Version 12.00
# Visual Studio Version 17
VisualStudioVersion = 17.5.002.0
MinimumVisualStudioVersion = 10.0.40219.1
Project("{9A19103F-16F7-4668-BE54-9A1E7A4F7556}") = "fullroomclient", "fullroomclient.csproj", "{761261D1-AAE0-4BEE-8FC1-C8598080E80C}"
EndProject
Global
	GlobalSection(SolutionConfigurationPlatforms) = preSolution
		Debug|Any CPU = Debug|Any CPU
		Release|Any CPU = Release|Any CPU
	EndGlobalSection
	GlobalSection(ProjectConfigurationPlatforms) = postSolution
		{761261D1-AAE0-4BEE-8FC1-C8598080E80C}.Debug|Any CPU.ActiveCfg = Debug|Any CPU
		{761261D1-AAE0-4BEE-8FC1-C8598080E80C}.Debug|Any CPU.Build.0 = Debug|Any CPU
		{761261D1-AAE0-4BEE-8FC1-C8598080E80C}.Release|Any CPU.ActiveCfg = Release|Any CPU
		{761261D1-AAE0-4BEE-8FC1-C8598080E80C}.Release|Any CPU.Build.0 = Release|Any CPU
	EndGlobalSection
	GlobalSection(SolutionProperties) = preSolution
		HideSolutionNode = FALSE
	EndGlobalSection
	GlobalSection(ExtensibilityGlobals) = postSolution
		SolutionGuid = {C81DF856-454B-4772-A1EA-73E6F938FB70}
	EndGlobalSection
EndGlobal
